// !$*UTF8*$!
{
	archiveVersion = 1;
	classes = {
	};
	objectVersion = 51;
	objects = {

/* Begin PBXBuildFile section */
		030265EAEE5E119A2FFF2780 /* Pods_BoredApp.framework in Frameworks */ = {isa = PBXBuildFile; fileRef = 55460D323FD7CA9F43B9A95C /* Pods_BoredApp.framework */; };
		04E8785726F9BFA400EDE65B /* AppDelegate.swift in Sources */ = {isa = PBXBuildFile; fileRef = 04E8785626F9BFA400EDE65B /* AppDelegate.swift */; };
		04E8785926F9BFA400EDE65B /* SceneDelegate.swift in Sources */ = {isa = PBXBuildFile; fileRef = 04E8785826F9BFA400EDE65B /* SceneDelegate.swift */; };
		04E8785B26F9BFA400EDE65B /* MainController.swift in Sources */ = {isa = PBXBuildFile; fileRef = 04E8785A26F9BFA400EDE65B /* MainController.swift */; };
		04E8786026F9BFAB00EDE65B /* Assets.xcassets in Resources */ = {isa = PBXBuildFile; fileRef = 04E8785F26F9BFAB00EDE65B /* Assets.xcassets */; };
		04E8786326F9BFAB00EDE65B /* LaunchScreen.storyboard in Resources */ = {isa = PBXBuildFile; fileRef = 04E8786126F9BFAB00EDE65B /* LaunchScreen.storyboard */; };
		04E8786C26F9C9FE00EDE65B /* Activity.swift in Sources */ = {isa = PBXBuildFile; fileRef = 04E8786B26F9C9FE00EDE65B /* Activity.swift */; };
		04E8787026F9CAB700EDE65B /* NetworkLayer.swift in Sources */ = {isa = PBXBuildFile; fileRef = 04E8786F26F9CAB700EDE65B /* NetworkLayer.swift */; };
		04E8787526FA75B700EDE65B /* ActivityCardView.swift in Sources */ = {isa = PBXBuildFile; fileRef = 04E8787426FA75B700EDE65B /* ActivityCardView.swift */; };
		04E8787A26FB9B5B00EDE65B /* SortController.swift in Sources */ = {isa = PBXBuildFile; fileRef = 04E8787926FB9B5B00EDE65B /* SortController.swift */; };
		04E8787F26FCA0BD00EDE65B /* MainPresenter.swift in Sources */ = {isa = PBXBuildFile; fileRef = 04E8787E26FCA0BD00EDE65B /* MainPresenter.swift */; };
		04E8788126FCA0CD00EDE65B /* MainInteractor.swift in Sources */ = {isa = PBXBuildFile; fileRef = 04E8788026FCA0CD00EDE65B /* MainInteractor.swift */; };
		04E8788526FCA10300EDE65B /* MainRouter.swift in Sources */ = {isa = PBXBuildFile; fileRef = 04E8788426FCA10300EDE65B /* MainRouter.swift */; };
		04E8788726FCFD3800EDE65B /* ActivityTypeView.swift in Sources */ = {isa = PBXBuildFile; fileRef = 04E8788626FCFD3800EDE65B /* ActivityTypeView.swift */; };
		04E8788A26FCFDA500EDE65B /* Constants.swift in Sources */ = {isa = PBXBuildFile; fileRef = 04E8788926FCFDA500EDE65B /* Constants.swift */; };
		04E8788C26FF83EA00EDE65B /* MainConfigurator.swift in Sources */ = {isa = PBXBuildFile; fileRef = 04E8788B26FF83EA00EDE65B /* MainConfigurator.swift */; };
		04E878902700A62700EDE65B /* ParticipantsAndPriceView.swift in Sources */ = {isa = PBXBuildFile; fileRef = 04E8788F2700A62700EDE65B /* ParticipantsAndPriceView.swift */; };
		04E878922700C15300EDE65B /* SortPresenter.swift in Sources */ = {isa = PBXBuildFile; fileRef = 04E878912700C15200EDE65B /* SortPresenter.swift */; };
		04E878962700C17B00EDE65B /* SortRouter.swift in Sources */ = {isa = PBXBuildFile; fileRef = 04E878952700C17B00EDE65B /* SortRouter.swift */; };
		04E878982700C19000EDE65B /* SortConfigurator.swift in Sources */ = {isa = PBXBuildFile; fileRef = 04E878972700C19000EDE65B /* SortConfigurator.swift */; };
		04E8789A2701D01500EDE65B /* RequestActivity.swift in Sources */ = {isa = PBXBuildFile; fileRef = 04E878992701D01500EDE65B /* RequestActivity.swift */; };
/* End PBXBuildFile section */

/* Begin PBXFileReference section */
		04E8785326F9BFA400EDE65B /* BoredApp.app */ = {isa = PBXFileReference; explicitFileType = wrapper.application; includeInIndex = 0; path = BoredApp.app; sourceTree = BUILT_PRODUCTS_DIR; };
		04E8785626F9BFA400EDE65B /* AppDelegate.swift */ = {isa = PBXFileReference; lastKnownFileType = sourcecode.swift; path = AppDelegate.swift; sourceTree = "<group>"; };
		04E8785826F9BFA400EDE65B /* SceneDelegate.swift */ = {isa = PBXFileReference; lastKnownFileType = sourcecode.swift; path = SceneDelegate.swift; sourceTree = "<group>"; };
		04E8785A26F9BFA400EDE65B /* MainController.swift */ = {isa = PBXFileReference; lastKnownFileType = sourcecode.swift; path = MainController.swift; sourceTree = "<group>"; };
		04E8785F26F9BFAB00EDE65B /* Assets.xcassets */ = {isa = PBXFileReference; lastKnownFileType = folder.assetcatalog; path = Assets.xcassets; sourceTree = "<group>"; };
		04E8786226F9BFAB00EDE65B /* Base */ = {isa = PBXFileReference; lastKnownFileType = file.storyboard; name = Base; path = Base.lproj/LaunchScreen.storyboard; sourceTree = "<group>"; };
		04E8786426F9BFAB00EDE65B /* Info.plist */ = {isa = PBXFileReference; lastKnownFileType = text.plist.xml; path = Info.plist; sourceTree = "<group>"; };
		04E8786B26F9C9FE00EDE65B /* Activity.swift */ = {isa = PBXFileReference; lastKnownFileType = sourcecode.swift; path = Activity.swift; sourceTree = "<group>"; };
		04E8786F26F9CAB700EDE65B /* NetworkLayer.swift */ = {isa = PBXFileReference; lastKnownFileType = sourcecode.swift; path = NetworkLayer.swift; sourceTree = "<group>"; };
		04E8787426FA75B700EDE65B /* ActivityCardView.swift */ = {isa = PBXFileReference; lastKnownFileType = sourcecode.swift; path = ActivityCardView.swift; sourceTree = "<group>"; };
		04E8787926FB9B5B00EDE65B /* SortController.swift */ = {isa = PBXFileReference; lastKnownFileType = sourcecode.swift; path = SortController.swift; sourceTree = "<group>"; };
		04E8787E26FCA0BD00EDE65B /* MainPresenter.swift */ = {isa = PBXFileReference; lastKnownFileType = sourcecode.swift; path = MainPresenter.swift; sourceTree = "<group>"; };
		04E8788026FCA0CD00EDE65B /* MainInteractor.swift */ = {isa = PBXFileReference; lastKnownFileType = sourcecode.swift; path = MainInteractor.swift; sourceTree = "<group>"; };
		04E8788426FCA10300EDE65B /* MainRouter.swift */ = {isa = PBXFileReference; lastKnownFileType = sourcecode.swift; path = MainRouter.swift; sourceTree = "<group>"; };
		04E8788626FCFD3800EDE65B /* ActivityTypeView.swift */ = {isa = PBXFileReference; lastKnownFileType = sourcecode.swift; path = ActivityTypeView.swift; sourceTree = "<group>"; };
		04E8788926FCFDA500EDE65B /* Constants.swift */ = {isa = PBXFileReference; lastKnownFileType = sourcecode.swift; path = Constants.swift; sourceTree = "<group>"; };
		04E8788B26FF83EA00EDE65B /* MainConfigurator.swift */ = {isa = PBXFileReference; lastKnownFileType = sourcecode.swift; path = MainConfigurator.swift; sourceTree = "<group>"; };
		04E8788F2700A62700EDE65B /* ParticipantsAndPriceView.swift */ = {isa = PBXFileReference; lastKnownFileType = sourcecode.swift; path = ParticipantsAndPriceView.swift; sourceTree = "<group>"; };
		04E878912700C15200EDE65B /* SortPresenter.swift */ = {isa = PBXFileReference; lastKnownFileType = sourcecode.swift; path = SortPresenter.swift; sourceTree = "<group>"; };
		04E878952700C17B00EDE65B /* SortRouter.swift */ = {isa = PBXFileReference; lastKnownFileType = sourcecode.swift; path = SortRouter.swift; sourceTree = "<group>"; };
		04E878972700C19000EDE65B /* SortConfigurator.swift */ = {isa = PBXFileReference; lastKnownFileType = sourcecode.swift; path = SortConfigurator.swift; sourceTree = "<group>"; };
		04E878992701D01500EDE65B /* RequestActivity.swift */ = {isa = PBXFileReference; lastKnownFileType = sourcecode.swift; path = RequestActivity.swift; sourceTree = "<group>"; };
		1AA49A04F347633BF956718E /* Pods-BoredApp.release.xcconfig */ = {isa = PBXFileReference; includeInIndex = 1; lastKnownFileType = text.xcconfig; name = "Pods-BoredApp.release.xcconfig"; path = "Target Support Files/Pods-BoredApp/Pods-BoredApp.release.xcconfig"; sourceTree = "<group>"; };
		55460D323FD7CA9F43B9A95C /* Pods_BoredApp.framework */ = {isa = PBXFileReference; explicitFileType = wrapper.framework; includeInIndex = 0; path = Pods_BoredApp.framework; sourceTree = BUILT_PRODUCTS_DIR; };
		C6250D7DA023413B43582CC7 /* Pods-BoredApp.debug.xcconfig */ = {isa = PBXFileReference; includeInIndex = 1; lastKnownFileType = text.xcconfig; name = "Pods-BoredApp.debug.xcconfig"; path = "Target Support Files/Pods-BoredApp/Pods-BoredApp.debug.xcconfig"; sourceTree = "<group>"; };
/* End PBXFileReference section */

/* Begin PBXFrameworksBuildPhase section */
		04E8785026F9BFA400EDE65B /* Frameworks */ = {
			isa = PBXFrameworksBuildPhase;
			buildActionMask = 2147483647;
			files = (
				030265EAEE5E119A2FFF2780 /* Pods_BoredApp.framework in Frameworks */,
			);
			runOnlyForDeploymentPostprocessing = 0;
		};
/* End PBXFrameworksBuildPhase section */

/* Begin PBXGroup section */
		04E8784A26F9BFA400EDE65B = {
			isa = PBXGroup;
			children = (
				04E8785526F9BFA400EDE65B /* BoredApp */,
				04E8785426F9BFA400EDE65B /* Products */,
				9C2788132A479977E0F8F731 /* Pods */,
				768936AAB452D0C0C54C49DE /* Frameworks */,
			);
			sourceTree = "<group>";
		};
		04E8785426F9BFA400EDE65B /* Products */ = {
			isa = PBXGroup;
			children = (
				04E8785326F9BFA400EDE65B /* BoredApp.app */,
			);
			name = Products;
			sourceTree = "<group>";
		};
		04E8785526F9BFA400EDE65B /* BoredApp */ = {
			isa = PBXGroup;
			children = (
				04E8785626F9BFA400EDE65B /* AppDelegate.swift */,
				04E8785826F9BFA400EDE65B /* SceneDelegate.swift */,
				04E8786A26F9C9DB00EDE65B /* Activity Models */,
				04E8787B26FCA06600EDE65B /* Main */,
				04E8787826FB9B1200EDE65B /* Sort */,
				04E8786D26F9CA8700EDE65B /* Core */,
				04E8787126FA757B00EDE65B /* Views */,
				04E8788826FCFD8C00EDE65B /* Constants */,
				04E8785F26F9BFAB00EDE65B /* Assets.xcassets */,
				04E8786126F9BFAB00EDE65B /* LaunchScreen.storyboard */,
				04E8786426F9BFAB00EDE65B /* Info.plist */,
			);
			path = BoredApp;
			sourceTree = "<group>";
		};
		04E8786A26F9C9DB00EDE65B /* Activity Models */ = {
			isa = PBXGroup;
			children = (
				04E8786B26F9C9FE00EDE65B /* Activity.swift */,
				04E878992701D01500EDE65B /* RequestActivity.swift */,
			);
			path = "Activity Models";
			sourceTree = "<group>";
		};
		04E8786D26F9CA8700EDE65B /* Core */ = {
			isa = PBXGroup;
			children = (
				04E8786E26F9CA8F00EDE65B /* Network */,
			);
			path = Core;
			sourceTree = "<group>";
		};
		04E8786E26F9CA8F00EDE65B /* Network */ = {
			isa = PBXGroup;
			children = (
				04E8786F26F9CAB700EDE65B /* NetworkLayer.swift */,
			);
			path = Network;
			sourceTree = "<group>";
		};
		04E8787126FA757B00EDE65B /* Views */ = {
			isa = PBXGroup;
			children = (
				04E8787426FA75B700EDE65B /* ActivityCardView.swift */,
				04E8788626FCFD3800EDE65B /* ActivityTypeView.swift */,
				04E8788F2700A62700EDE65B /* ParticipantsAndPriceView.swift */,
			);
			path = Views;
			sourceTree = "<group>";
		};
		04E8787826FB9B1200EDE65B /* Sort */ = {
			isa = PBXGroup;
			children = (
				04E8787926FB9B5B00EDE65B /* SortController.swift */,
				04E878912700C15200EDE65B /* SortPresenter.swift */,
				04E878952700C17B00EDE65B /* SortRouter.swift */,
				04E878972700C19000EDE65B /* SortConfigurator.swift */,
			);
			path = Sort;
			sourceTree = "<group>";
		};
		04E8787B26FCA06600EDE65B /* Main */ = {
			isa = PBXGroup;
			children = (
				04E8785A26F9BFA400EDE65B /* MainController.swift */,
				04E8787E26FCA0BD00EDE65B /* MainPresenter.swift */,
				04E8788026FCA0CD00EDE65B /* MainInteractor.swift */,
				04E8788426FCA10300EDE65B /* MainRouter.swift */,
				04E8788B26FF83EA00EDE65B /* MainConfigurator.swift */,
			);
			path = Main;
			sourceTree = "<group>";
		};
		04E8788826FCFD8C00EDE65B /* Constants */ = {
			isa = PBXGroup;
			children = (
				04E8788926FCFDA500EDE65B /* Constants.swift */,
			);
			path = Constants;
			sourceTree = "<group>";
		};
		768936AAB452D0C0C54C49DE /* Frameworks */ = {
			isa = PBXGroup;
			children = (
				55460D323FD7CA9F43B9A95C /* Pods_BoredApp.framework */,
			);
			name = Frameworks;
			sourceTree = "<group>";
		};
		9C2788132A479977E0F8F731 /* Pods */ = {
			isa = PBXGroup;
			children = (
				C6250D7DA023413B43582CC7 /* Pods-BoredApp.debug.xcconfig */,
				1AA49A04F347633BF956718E /* Pods-BoredApp.release.xcconfig */,
			);
			path = Pods;
			sourceTree = "<group>";
		};
/* End PBXGroup section */

/* Begin PBXNativeTarget section */
		04E8785226F9BFA400EDE65B /* BoredApp */ = {
			isa = PBXNativeTarget;
			buildConfigurationList = 04E8786726F9BFAB00EDE65B /* Build configuration list for PBXNativeTarget "BoredApp" */;
			buildPhases = (
				B227C80DA1E352D014306761 /* [CP] Check Pods Manifest.lock */,
				04E8784F26F9BFA400EDE65B /* Sources */,
				04E8785026F9BFA400EDE65B /* Frameworks */,
				04E8785126F9BFA400EDE65B /* Resources */,
				5036F4420A3B78A25ABD0A09 /* [CP] Embed Pods Frameworks */,
			);
			buildRules = (
			);
			dependencies = (
			);
			name = BoredApp;
			productName = BoredApp;
			productReference = 04E8785326F9BFA400EDE65B /* BoredApp.app */;
			productType = "com.apple.product-type.application";
		};
/* End PBXNativeTarget section */

/* Begin PBXProject section */
		04E8784B26F9BFA400EDE65B /* Project object */ = {
			isa = PBXProject;
			attributes = {
				LastSwiftUpdateCheck = 1250;
				LastUpgradeCheck = 1250;
				TargetAttributes = {
					04E8785226F9BFA400EDE65B = {
						CreatedOnToolsVersion = 12.5.1;
					};
				};
			};
			buildConfigurationList = 04E8784E26F9BFA400EDE65B /* Build configuration list for PBXProject "BoredApp" */;
			compatibilityVersion = "Xcode 9.3";
			developmentRegion = en;
			hasScannedForEncodings = 0;
			knownRegions = (
				en,
				Base,
			);
			mainGroup = 04E8784A26F9BFA400EDE65B;
			productRefGroup = 04E8785426F9BFA400EDE65B /* Products */;
			projectDirPath = "";
			projectRoot = "";
			targets = (
				04E8785226F9BFA400EDE65B /* BoredApp */,
			);
		};
/* End PBXProject section */

/* Begin PBXResourcesBuildPhase section */
		04E8785126F9BFA400EDE65B /* Resources */ = {
			isa = PBXResourcesBuildPhase;
			buildActionMask = 2147483647;
			files = (
				04E8786326F9BFAB00EDE65B /* LaunchScreen.storyboard in Resources */,
				04E8786026F9BFAB00EDE65B /* Assets.xcassets in Resources */,
			);
			runOnlyForDeploymentPostprocessing = 0;
		};
/* End PBXResourcesBuildPhase section */

/* Begin PBXShellScriptBuildPhase section */
		5036F4420A3B78A25ABD0A09 /* [CP] Embed Pods Frameworks */ = {
			isa = PBXShellScriptBuildPhase;
			buildActionMask = 2147483647;
			files = (
			);
			inputFileListPaths = (
				"${PODS_ROOT}/Target Support Files/Pods-BoredApp/Pods-BoredApp-frameworks-${CONFIGURATION}-input-files.xcfilelist",
			);
			name = "[CP] Embed Pods Frameworks";
			outputFileListPaths = (
				"${PODS_ROOT}/Target Support Files/Pods-BoredApp/Pods-BoredApp-frameworks-${CONFIGURATION}-output-files.xcfilelist",
			);
			runOnlyForDeploymentPostprocessing = 0;
			shellPath = /bin/sh;
			shellScript = "\"${PODS_ROOT}/Target Support Files/Pods-BoredApp/Pods-BoredApp-frameworks.sh\"\n";
			showEnvVarsInLog = 0;
		};
		B227C80DA1E352D014306761 /* [CP] Check Pods Manifest.lock */ = {
			isa = PBXShellScriptBuildPhase;
			buildActionMask = 2147483647;
			files = (
			);
			inputFileListPaths = (
			);
			inputPaths = (
				"${PODS_PODFILE_DIR_PATH}/Podfile.lock",
				"${PODS_ROOT}/Manifest.lock",
			);
			name = "[CP] Check Pods Manifest.lock";
			outputFileListPaths = (
			);
			outputPaths = (
				"$(DERIVED_FILE_DIR)/Pods-BoredApp-checkManifestLockResult.txt",
			);
			runOnlyForDeploymentPostprocessing = 0;
			shellPath = /bin/sh;
			shellScript = "diff \"${PODS_PODFILE_DIR_PATH}/Podfile.lock\" \"${PODS_ROOT}/Manifest.lock\" > /dev/null\nif [ $? != 0 ] ; then\n    # print error to STDERR\n    echo \"error: The sandbox is not in sync with the Podfile.lock. Run 'pod install' or update your CocoaPods installation.\" >&2\n    exit 1\nfi\n# This output is used by Xcode 'outputs' to avoid re-running this script phase.\necho \"SUCCESS\" > \"${SCRIPT_OUTPUT_FILE_0}\"\n";
			showEnvVarsInLog = 0;
		};
/* End PBXShellScriptBuildPhase section */

/* Begin PBXSourcesBuildPhase section */
		04E8784F26F9BFA400EDE65B /* Sources */ = {
			isa = PBXSourcesBuildPhase;
			buildActionMask = 2147483647;
			files = (
				04E878982700C19000EDE65B /* SortConfigurator.swift in Sources */,
				04E8788726FCFD3800EDE65B /* ActivityTypeView.swift in Sources */,
				04E8789A2701D01500EDE65B /* RequestActivity.swift in Sources */,
				04E8785B26F9BFA400EDE65B /* MainController.swift in Sources */,
				04E8788A26FCFDA500EDE65B /* Constants.swift in Sources */,
				04E8785726F9BFA400EDE65B /* AppDelegate.swift in Sources */,
				04E878962700C17B00EDE65B /* SortRouter.swift in Sources */,
				04E8788126FCA0CD00EDE65B /* MainInteractor.swift in Sources */,
				04E8788C26FF83EA00EDE65B /* MainConfigurator.swift in Sources */,
				04E878902700A62700EDE65B /* ParticipantsAndPriceView.swift in Sources */,
				04E8788526FCA10300EDE65B /* MainRouter.swift in Sources */,
				04E8787526FA75B700EDE65B /* ActivityCardView.swift in Sources */,
				04E8787F26FCA0BD00EDE65B /* MainPresenter.swift in Sources */,
				04E8786C26F9C9FE00EDE65B /* Activity.swift in Sources */,
				04E8787026F9CAB700EDE65B /* NetworkLayer.swift in Sources */,
				04E8785926F9BFA400EDE65B /* SceneDelegate.swift in Sources */,
				04E878922700C15300EDE65B /* SortPresenter.swift in Sources */,
				04E8787A26FB9B5B00EDE65B /* SortController.swift in Sources */,
			);
			runOnlyForDeploymentPostprocessing = 0;
		};
/* End PBXSourcesBuildPhase section */

/* Begin PBXVariantGroup section */
		04E8786126F9BFAB00EDE65B /* LaunchScreen.storyboard */ = {
			isa = PBXVariantGroup;
			children = (
				04E8786226F9BFAB00EDE65B /* Base */,
			);
			name = LaunchScreen.storyboard;
			sourceTree = "<group>";
		};
/* End PBXVariantGroup section */

/* Begin XCBuildConfiguration section */
		04E8786526F9BFAB00EDE65B /* Debug */ = {
			isa = XCBuildConfiguration;
			buildSettings = {
				ALWAYS_SEARCH_USER_PATHS = NO;
				CLANG_ANALYZER_NONNULL = YES;
				CLANG_ANALYZER_NUMBER_OBJECT_CONVERSION = YES_AGGRESSIVE;
				CLANG_CXX_LANGUAGE_STANDARD = "gnu++14";
				CLANG_CXX_LIBRARY = "libc++";
				CLANG_ENABLE_MODULES = YES;
				CLANG_ENABLE_OBJC_ARC = YES;
				CLANG_ENABLE_OBJC_WEAK = YES;
				CLANG_WARN_BLOCK_CAPTURE_AUTORELEASING = YES;
				CLANG_WARN_BOOL_CONVERSION = YES;
				CLANG_WARN_COMMA = YES;
				CLANG_WARN_CONSTANT_CONVERSION = YES;
				CLANG_WARN_DEPRECATED_OBJC_IMPLEMENTATIONS = YES;
				CLANG_WARN_DIRECT_OBJC_ISA_USAGE = YES_ERROR;
				CLANG_WARN_DOCUMENTATION_COMMENTS = YES;
				CLANG_WARN_EMPTY_BODY = YES;
				CLANG_WARN_ENUM_CONVERSION = YES;
				CLANG_WARN_INFINITE_RECURSION = YES;
				CLANG_WARN_INT_CONVERSION = YES;
				CLANG_WARN_NON_LITERAL_NULL_CONVERSION = YES;
				CLANG_WARN_OBJC_IMPLICIT_RETAIN_SELF = YES;
				CLANG_WARN_OBJC_LITERAL_CONVERSION = YES;
				CLANG_WARN_OBJC_ROOT_CLASS = YES_ERROR;
				CLANG_WARN_QUOTED_INCLUDE_IN_FRAMEWORK_HEADER = YES;
				CLANG_WARN_RANGE_LOOP_ANALYSIS = YES;
				CLANG_WARN_STRICT_PROTOTYPES = YES;
				CLANG_WARN_SUSPICIOUS_MOVE = YES;
				CLANG_WARN_UNGUARDED_AVAILABILITY = YES_AGGRESSIVE;
				CLANG_WARN_UNREACHABLE_CODE = YES;
				CLANG_WARN__DUPLICATE_METHOD_MATCH = YES;
				COPY_PHASE_STRIP = NO;
				DEBUG_INFORMATION_FORMAT = dwarf;
				ENABLE_STRICT_OBJC_MSGSEND = YES;
				ENABLE_TESTABILITY = YES;
				GCC_C_LANGUAGE_STANDARD = gnu11;
				GCC_DYNAMIC_NO_PIC = NO;
				GCC_NO_COMMON_BLOCKS = YES;
				GCC_OPTIMIZATION_LEVEL = 0;
				GCC_PREPROCESSOR_DEFINITIONS = (
					"DEBUG=1",
					"$(inherited)",
				);
				GCC_WARN_64_TO_32_BIT_CONVERSION = YES;
				GCC_WARN_ABOUT_RETURN_TYPE = YES_ERROR;
				GCC_WARN_UNDECLARED_SELECTOR = YES;
				GCC_WARN_UNINITIALIZED_AUTOS = YES_AGGRESSIVE;
				GCC_WARN_UNUSED_FUNCTION = YES;
				GCC_WARN_UNUSED_VARIABLE = YES;
				IPHONEOS_DEPLOYMENT_TARGET = 14.5;
				MTL_ENABLE_DEBUG_INFO = INCLUDE_SOURCE;
				MTL_FAST_MATH = YES;
				ONLY_ACTIVE_ARCH = YES;
				SDKROOT = iphoneos;
				SWIFT_ACTIVE_COMPILATION_CONDITIONS = DEBUG;
				SWIFT_OPTIMIZATION_LEVEL = "-Onone";
			};
			name = Debug;
		};
		04E8786626F9BFAB00EDE65B /* Release */ = {
			isa = XCBuildConfiguration;
			buildSettings = {
				ALWAYS_SEARCH_USER_PATHS = NO;
				CLANG_ANALYZER_NONNULL = YES;
				CLANG_ANALYZER_NUMBER_OBJECT_CONVERSION = YES_AGGRESSIVE;
				CLANG_CXX_LANGUAGE_STANDARD = "gnu++14";
				CLANG_CXX_LIBRARY = "libc++";
				CLANG_ENABLE_MODULES = YES;
				CLANG_ENABLE_OBJC_ARC = YES;
				CLANG_ENABLE_OBJC_WEAK = YES;
				CLANG_WARN_BLOCK_CAPTURE_AUTORELEASING = YES;
				CLANG_WARN_BOOL_CONVERSION = YES;
				CLANG_WARN_COMMA = YES;
				CLANG_WARN_CONSTANT_CONVERSION = YES;
				CLANG_WARN_DEPRECATED_OBJC_IMPLEMENTATIONS = YES;
				CLANG_WARN_DIRECT_OBJC_ISA_USAGE = YES_ERROR;
				CLANG_WARN_DOCUMENTATION_COMMENTS = YES;
				CLANG_WARN_EMPTY_BODY = YES;
				CLANG_WARN_ENUM_CONVERSION = YES;
				CLANG_WARN_INFINITE_RECURSION = YES;
				CLANG_WARN_INT_CONVERSION = YES;
				CLANG_WARN_NON_LITERAL_NULL_CONVERSION = YES;
				CLANG_WARN_OBJC_IMPLICIT_RETAIN_SELF = YES;
				CLANG_WARN_OBJC_LITERAL_CONVERSION = YES;
				CLANG_WARN_OBJC_ROOT_CLASS = YES_ERROR;
				CLANG_WARN_QUOTED_INCLUDE_IN_FRAMEWORK_HEADER = YES;
				CLANG_WARN_RANGE_LOOP_ANALYSIS = YES;
				CLANG_WARN_STRICT_PROTOTYPES = YES;
				CLANG_WARN_SUSPICIOUS_MOVE = YES;
				CLANG_WARN_UNGUARDED_AVAILABILITY = YES_AGGRESSIVE;
				CLANG_WARN_UNREACHABLE_CODE = YES;
				CLANG_WARN__DUPLICATE_METHOD_MATCH = YES;
				COPY_PHASE_STRIP = NO;
				DEBUG_INFORMATION_FORMAT = "dwarf-with-dsym";
				ENABLE_NS_ASSERTIONS = NO;
				ENABLE_STRICT_OBJC_MSGSEND = YES;
				GCC_C_LANGUAGE_STANDARD = gnu11;
				GCC_NO_COMMON_BLOCKS = YES;
				GCC_WARN_64_TO_32_BIT_CONVERSION = YES;
				GCC_WARN_ABOUT_RETURN_TYPE = YES_ERROR;
				GCC_WARN_UNDECLARED_SELECTOR = YES;
				GCC_WARN_UNINITIALIZED_AUTOS = YES_AGGRESSIVE;
				GCC_WARN_UNUSED_FUNCTION = YES;
				GCC_WARN_UNUSED_VARIABLE = YES;
				IPHONEOS_DEPLOYMENT_TARGET = 14.5;
				MTL_ENABLE_DEBUG_INFO = NO;
				MTL_FAST_MATH = YES;
				SDKROOT = iphoneos;
				SWIFT_COMPILATION_MODE = wholemodule;
				SWIFT_OPTIMIZATION_LEVEL = "-O";
				VALIDATE_PRODUCT = YES;
			};
			name = Release;
		};
		04E8786826F9BFAB00EDE65B /* Debug */ = {
			isa = XCBuildConfiguration;
			baseConfigurationReference = C6250D7DA023413B43582CC7 /* Pods-BoredApp.debug.xcconfig */;
			buildSettings = {
				ASSETCATALOG_COMPILER_APPICON_NAME = AppIcon;
				ASSETCATALOG_COMPILER_GLOBAL_ACCENT_COLOR_NAME = AccentColor;
				CODE_SIGN_STYLE = Automatic;
				INFOPLIST_FILE = BoredApp/Info.plist;
				LD_RUNPATH_SEARCH_PATHS = (
					"$(inherited)",
					"@executable_path/Frameworks",
				);
				PRODUCT_BUNDLE_IDENTIFIER = lyudasukh.BoredApp;
				PRODUCT_NAME = "$(TARGET_NAME)";
				SWIFT_VERSION = 5.0;
				TARGETED_DEVICE_FAMILY = "1,2";
			};
			name = Debug;
		};
		04E8786926F9BFAB00EDE65B /* Release */ = {
			isa = XCBuildConfiguration;
			baseConfigurationReference = 1AA49A04F347633BF956718E /* Pods-BoredApp.release.xcconfig */;
			buildSettings = {
				ASSETCATALOG_COMPILER_APPICON_NAME = AppIcon;
				ASSETCATALOG_COMPILER_GLOBAL_ACCENT_COLOR_NAME = AccentColor;
				CODE_SIGN_STYLE = Automatic;
				INFOPLIST_FILE = BoredApp/Info.plist;
				LD_RUNPATH_SEARCH_PATHS = (
					"$(inherited)",
					"@executable_path/Frameworks",
				);
				PRODUCT_BUNDLE_IDENTIFIER = lyudasukh.BoredApp;
				PRODUCT_NAME = "$(TARGET_NAME)";
				SWIFT_VERSION = 5.0;
				TARGETED_DEVICE_FAMILY = "1,2";
			};
			name = Release;
		};
/* End XCBuildConfiguration section */

/* Begin XCConfigurationList section */
		04E8784E26F9BFA400EDE65B /* Build configuration list for PBXProject "BoredApp" */ = {
			isa = XCConfigurationList;
			buildConfigurations = (
				04E8786526F9BFAB00EDE65B /* Debug */,
				04E8786626F9BFAB00EDE65B /* Release */,
			);
			defaultConfigurationIsVisible = 0;
			defaultConfigurationName = Release;
		};
		04E8786726F9BFAB00EDE65B /* Build configuration list for PBXNativeTarget "BoredApp" */ = {
			isa = XCConfigurationList;
			buildConfigurations = (
				04E8786826F9BFAB00EDE65B /* Debug */,
				04E8786926F9BFAB00EDE65B /* Release */,
			);
			defaultConfigurationIsVisible = 0;
			defaultConfigurationName = Release;
		};
/* End XCConfigurationList section */
	};
	rootObject = 04E8784B26F9BFA400EDE65B /* Project object */;
}
